// !$*UTF8*$!
{
	archiveVersion = 1;
	classes = {
	};
	objectVersion = 56;
	objects = {

/* Begin PBXBuildFile section */
		96BF1DF729BFAC5B00FED886 /* AppDelegate.swift in Sources */ = {isa = PBXBuildFile; fileRef = 96BF1DF629BFAC5B00FED886 /* AppDelegate.swift */; };
		96BF1DF929BFAC5B00FED886 /* SceneDelegate.swift in Sources */ = {isa = PBXBuildFile; fileRef = 96BF1DF829BFAC5B00FED886 /* SceneDelegate.swift */; };
		96BF1DFB29BFAC5B00FED886 /* ViewController.swift in Sources */ = {isa = PBXBuildFile; fileRef = 96BF1DFA29BFAC5B00FED886 /* ViewController.swift */; };
		96BF1DFE29BFAC5B00FED886 /* Main.storyboard in Resources */ = {isa = PBXBuildFile; fileRef = 96BF1DFC29BFAC5B00FED886 /* Main.storyboard */; };
		96BF1E0129BFAC5B00FED886 /* BonchTech_Store.xcdatamodeld in Sources */ = {isa = PBXBuildFile; fileRef = 96BF1DFF29BFAC5B00FED886 /* BonchTech_Store.xcdatamodeld */; };
		96BF1E0329BFAC5C00FED886 /* Assets.xcassets in Resources */ = {isa = PBXBuildFile; fileRef = 96BF1E0229BFAC5C00FED886 /* Assets.xcassets */; };
		96BF1E0629BFAC5C00FED886 /* LaunchScreen.storyboard in Resources */ = {isa = PBXBuildFile; fileRef = 96BF1E0429BFAC5C00FED886 /* LaunchScreen.storyboard */; };
		96BF1E1129BFAC5C00FED886 /* BonchTech_StoreTests.swift in Sources */ = {isa = PBXBuildFile; fileRef = 96BF1E1029BFAC5C00FED886 /* BonchTech_StoreTests.swift */; };
		96BF1E1B29BFAC5C00FED886 /* BonchTech_StoreUITests.swift in Sources */ = {isa = PBXBuildFile; fileRef = 96BF1E1A29BFAC5C00FED886 /* BonchTech_StoreUITests.swift */; };
		96BF1E1D29BFAC5C00FED886 /* BonchTech_StoreUITestsLaunchTests.swift in Sources */ = {isa = PBXBuildFile; fileRef = 96BF1E1C29BFAC5C00FED886 /* BonchTech_StoreUITestsLaunchTests.swift */; };
/* End PBXBuildFile section */

/* Begin PBXContainerItemProxy section */
		96BF1E0D29BFAC5C00FED886 /* PBXContainerItemProxy */ = {
			isa = PBXContainerItemProxy;
			containerPortal = 96BF1DEB29BFAC5B00FED886 /* Project object */;
			proxyType = 1;
			remoteGlobalIDString = 96BF1DF229BFAC5B00FED886;
			remoteInfo = "BonchTech Store";
		};
		96BF1E1729BFAC5C00FED886 /* PBXContainerItemProxy */ = {
			isa = PBXContainerItemProxy;
			containerPortal = 96BF1DEB29BFAC5B00FED886 /* Project object */;
			proxyType = 1;
			remoteGlobalIDString = 96BF1DF229BFAC5B00FED886;
			remoteInfo = "BonchTech Store";
		};
/* End PBXContainerItemProxy section */

/* Begin PBXFileReference section */
		96BF1DF329BFAC5B00FED886 /* BonchTech Store.app */ = {isa = PBXFileReference; explicitFileType = wrapper.application; includeInIndex = 0; path = "BonchTech Store.app"; sourceTree = BUILT_PRODUCTS_DIR; };
		96BF1DF629BFAC5B00FED886 /* AppDelegate.swift */ = {isa = PBXFileReference; lastKnownFileType = sourcecode.swift; path = AppDelegate.swift; sourceTree = "<group>"; };
		96BF1DF829BFAC5B00FED886 /* SceneDelegate.swift */ = {isa = PBXFileReference; lastKnownFileType = sourcecode.swift; path = SceneDelegate.swift; sourceTree = "<group>"; };
		96BF1DFA29BFAC5B00FED886 /* ViewController.swift */ = {isa = PBXFileReference; lastKnownFileType = sourcecode.swift; path = ViewController.swift; sourceTree = "<group>"; };
		96BF1DFD29BFAC5B00FED886 /* Base */ = {isa = PBXFileReference; lastKnownFileType = file.storyboard; name = Base; path = Base.lproj/Main.storyboard; sourceTree = "<group>"; };
		96BF1E0029BFAC5B00FED886 /* BonchTech_Store.xcdatamodel */ = {isa = PBXFileReference; lastKnownFileType = wrapper.xcdatamodel; path = BonchTech_Store.xcdatamodel; sourceTree = "<group>"; };
		96BF1E0229BFAC5C00FED886 /* Assets.xcassets */ = {isa = PBXFileReference; lastKnownFileType = folder.assetcatalog; path = Assets.xcassets; sourceTree = "<group>"; };
		96BF1E0529BFAC5C00FED886 /* Base */ = {isa = PBXFileReference; lastKnownFileType = file.storyboard; name = Base; path = Base.lproj/LaunchScreen.storyboard; sourceTree = "<group>"; };
		96BF1E0729BFAC5C00FED886 /* Info.plist */ = {isa = PBXFileReference; lastKnownFileType = text.plist.xml; path = Info.plist; sourceTree = "<group>"; };
		96BF1E0C29BFAC5C00FED886 /* BonchTech StoreTests.xctest */ = {isa = PBXFileReference; explicitFileType = wrapper.cfbundle; includeInIndex = 0; path = "BonchTech StoreTests.xctest"; sourceTree = BUILT_PRODUCTS_DIR; };
		96BF1E1029BFAC5C00FED886 /* BonchTech_StoreTests.swift */ = {isa = PBXFileReference; lastKnownFileType = sourcecode.swift; path = BonchTech_StoreTests.swift; sourceTree = "<group>"; };
		96BF1E1629BFAC5C00FED886 /* BonchTech StoreUITests.xctest */ = {isa = PBXFileReference; explicitFileType = wrapper.cfbundle; includeInIndex = 0; path = "BonchTech StoreUITests.xctest"; sourceTree = BUILT_PRODUCTS_DIR; };
		96BF1E1A29BFAC5C00FED886 /* BonchTech_StoreUITests.swift */ = {isa = PBXFileReference; lastKnownFileType = sourcecode.swift; path = BonchTech_StoreUITests.swift; sourceTree = "<group>"; };
		96BF1E1C29BFAC5C00FED886 /* BonchTech_StoreUITestsLaunchTests.swift */ = {isa = PBXFileReference; lastKnownFileType = sourcecode.swift; path = BonchTech_StoreUITestsLaunchTests.swift; sourceTree = "<group>"; };
/* End PBXFileReference section */

/* Begin PBXFrameworksBuildPhase section */
		96BF1DF029BFAC5B00FED886 /* Frameworks */ = {
			isa = PBXFrameworksBuildPhase;
			buildActionMask = 2147483647;
			files = (
			);
			runOnlyForDeploymentPostprocessing = 0;
		};
		96BF1E0929BFAC5C00FED886 /* Frameworks */ = {
			isa = PBXFrameworksBuildPhase;
			buildActionMask = 2147483647;
			files = (
			);
			runOnlyForDeploymentPostprocessing = 0;
		};
		96BF1E1329BFAC5C00FED886 /* Frameworks */ = {
			isa = PBXFrameworksBuildPhase;
			buildActionMask = 2147483647;
			files = (
			);
			runOnlyForDeploymentPostprocessing = 0;
		};
/* End PBXFrameworksBuildPhase section */

/* Begin PBXGroup section */
		96BF1DEA29BFAC5B00FED886 = {
			isa = PBXGroup;
			children = (
				96BF1DF529BFAC5B00FED886 /* BonchTech Store */,
				96BF1E0F29BFAC5C00FED886 /* BonchTech StoreTests */,
				96BF1E1929BFAC5C00FED886 /* BonchTech StoreUITests */,
				96BF1DF429BFAC5B00FED886 /* Products */,
			);
			sourceTree = "<group>";
		};
		96BF1DF429BFAC5B00FED886 /* Products */ = {
			isa = PBXGroup;
			children = (
				96BF1DF329BFAC5B00FED886 /* BonchTech Store.app */,
				96BF1E0C29BFAC5C00FED886 /* BonchTech StoreTests.xctest */,
				96BF1E1629BFAC5C00FED886 /* BonchTech StoreUITests.xctest */,
			);
			name = Products;
			sourceTree = "<group>";
		};
		96BF1DF529BFAC5B00FED886 /* BonchTech Store */ = {
			isa = PBXGroup;
			children = (
				96BF1DF629BFAC5B00FED886 /* AppDelegate.swift */,
				96BF1DF829BFAC5B00FED886 /* SceneDelegate.swift */,
				96BF1DFA29BFAC5B00FED886 /* ViewController.swift */,
				96BF1DFC29BFAC5B00FED886 /* Main.storyboard */,
				96BF1E0229BFAC5C00FED886 /* Assets.xcassets */,
				96BF1E0429BFAC5C00FED886 /* LaunchScreen.storyboard */,
				96BF1E0729BFAC5C00FED886 /* Info.plist */,
				96BF1DFF29BFAC5B00FED886 /* BonchTech_Store.xcdatamodeld */,
			);
			path = "BonchTech Store";
			sourceTree = "<group>";
		};
		96BF1E0F29BFAC5C00FED886 /* BonchTech StoreTests */ = {
			isa = PBXGroup;
			children = (
				96BF1E1029BFAC5C00FED886 /* BonchTech_StoreTests.swift */,
			);
			path = "BonchTech StoreTests";
			sourceTree = "<group>";
		};
		96BF1E1929BFAC5C00FED886 /* BonchTech StoreUITests */ = {
			isa = PBXGroup;
			children = (
				96BF1E1A29BFAC5C00FED886 /* BonchTech_StoreUITests.swift */,
				96BF1E1C29BFAC5C00FED886 /* BonchTech_StoreUITestsLaunchTests.swift */,
			);
			path = "BonchTech StoreUITests";
			sourceTree = "<group>";
		};
/* End PBXGroup section */

/* Begin PBXNativeTarget section */
		96BF1DF229BFAC5B00FED886 /* BonchTech Store */ = {
			isa = PBXNativeTarget;
			buildConfigurationList = 96BF1E2029BFAC5C00FED886 /* Build configuration list for PBXNativeTarget "BonchTech Store" */;
			buildPhases = (
				96BF1DEF29BFAC5B00FED886 /* Sources */,
				96BF1DF029BFAC5B00FED886 /* Frameworks */,
				96BF1DF129BFAC5B00FED886 /* Resources */,
			);
			buildRules = (
			);
			dependencies = (
			);
			name = "BonchTech Store";
			productName = "BonchTech Store";
			productReference = 96BF1DF329BFAC5B00FED886 /* BonchTech Store.app */;
			productType = "com.apple.product-type.application";
		};
		96BF1E0B29BFAC5C00FED886 /* BonchTech StoreTests */ = {
			isa = PBXNativeTarget;
			buildConfigurationList = 96BF1E2329BFAC5C00FED886 /* Build configuration list for PBXNativeTarget "BonchTech StoreTests" */;
			buildPhases = (
				96BF1E0829BFAC5C00FED886 /* Sources */,
				96BF1E0929BFAC5C00FED886 /* Frameworks */,
				96BF1E0A29BFAC5C00FED886 /* Resources */,
			);
			buildRules = (
			);
			dependencies = (
				96BF1E0E29BFAC5C00FED886 /* PBXTargetDependency */,
			);
			name = "BonchTech StoreTests";
			productName = "BonchTech StoreTests";
			productReference = 96BF1E0C29BFAC5C00FED886 /* BonchTech StoreTests.xctest */;
			productType = "com.apple.product-type.bundle.unit-test";
		};
		96BF1E1529BFAC5C00FED886 /* BonchTech StoreUITests */ = {
			isa = PBXNativeTarget;
			buildConfigurationList = 96BF1E2629BFAC5C00FED886 /* Build configuration list for PBXNativeTarget "BonchTech StoreUITests" */;
			buildPhases = (
				96BF1E1229BFAC5C00FED886 /* Sources */,
				96BF1E1329BFAC5C00FED886 /* Frameworks */,
				96BF1E1429BFAC5C00FED886 /* Resources */,
			);
			buildRules = (
			);
			dependencies = (
				96BF1E1829BFAC5C00FED886 /* PBXTargetDependency */,
			);
			name = "BonchTech StoreUITests";
			productName = "BonchTech StoreUITests";
			productReference = 96BF1E1629BFAC5C00FED886 /* BonchTech StoreUITests.xctest */;
			productType = "com.apple.product-type.bundle.ui-testing";
		};
/* End PBXNativeTarget section */

/* Begin PBXProject section */
		96BF1DEB29BFAC5B00FED886 /* Project object */ = {
			isa = PBXProject;
			attributes = {
				BuildIndependentTargetsInParallel = 1;
				LastSwiftUpdateCheck = 1420;
				LastUpgradeCheck = 1420;
				TargetAttributes = {
					96BF1DF229BFAC5B00FED886 = {
						CreatedOnToolsVersion = 14.2;
					};
					96BF1E0B29BFAC5C00FED886 = {
						CreatedOnToolsVersion = 14.2;
						TestTargetID = 96BF1DF229BFAC5B00FED886;
					};
					96BF1E1529BFAC5C00FED886 = {
						CreatedOnToolsVersion = 14.2;
						TestTargetID = 96BF1DF229BFAC5B00FED886;
					};
				};
			};
			buildConfigurationList = 96BF1DEE29BFAC5B00FED886 /* Build configuration list for PBXProject "BonchTech Store" */;
			compatibilityVersion = "Xcode 14.0";
			developmentRegion = en;
			hasScannedForEncodings = 0;
			knownRegions = (
				en,
				Base,
			);
			mainGroup = 96BF1DEA29BFAC5B00FED886;
			productRefGroup = 96BF1DF429BFAC5B00FED886 /* Products */;
			projectDirPath = "";
			projectRoot = "";
			targets = (
				96BF1DF229BFAC5B00FED886 /* BonchTech Store */,
				96BF1E0B29BFAC5C00FED886 /* BonchTech StoreTests */,
				96BF1E1529BFAC5C00FED886 /* BonchTech StoreUITests */,
			);
		};
/* End PBXProject section */

/* Begin PBXResourcesBuildPhase section */
		96BF1DF129BFAC5B00FED886 /* Resources */ = {
			isa = PBXResourcesBuildPhase;
			buildActionMask = 2147483647;
			files = (
				96BF1E0629BFAC5C00FED886 /* LaunchScreen.storyboard in Resources */,
				96BF1E0329BFAC5C00FED886 /* Assets.xcassets in Resources */,
				96BF1DFE29BFAC5B00FED886 /* Main.storyboard in Resources */,
			);
			runOnlyForDeploymentPostprocessing = 0;
		};
		96BF1E0A29BFAC5C00FED886 /* Resources */ = {
			isa = PBXResourcesBuildPhase;
			buildActionMask = 2147483647;
			files = (
			);
			runOnlyForDeploymentPostprocessing = 0;
		};
		96BF1E1429BFAC5C00FED886 /* Resources */ = {
			isa = PBXResourcesBuildPhase;
			buildActionMask = 2147483647;
			files = (
			);
			runOnlyForDeploymentPostprocessing = 0;
		};
/* End PBXResourcesBuildPhase section */

/* Begin PBXSourcesBuildPhase section */
		96BF1DEF29BFAC5B00FED886 /* Sources */ = {
			isa = PBXSourcesBuildPhase;
			buildActionMask = 2147483647;
			files = (
				96BF1DFB29BFAC5B00FED886 /* ViewController.swift in Sources */,
				96BF1DF729BFAC5B00FED886 /* AppDelegate.swift in Sources */,
				96BF1E0129BFAC5B00FED886 /* BonchTech_Store.xcdatamodeld in Sources */,
				96BF1DF929BFAC5B00FED886 /* SceneDelegate.swift in Sources */,
			);
			runOnlyForDeploymentPostprocessing = 0;
		};
		96BF1E0829BFAC5C00FED886 /* Sources */ = {
			isa = PBXSourcesBuildPhase;
			buildActionMask = 2147483647;
			files = (
				96BF1E1129BFAC5C00FED886 /* BonchTech_StoreTests.swift in Sources */,
			);
			runOnlyForDeploymentPostprocessing = 0;
		};
		96BF1E1229BFAC5C00FED886 /* Sources */ = {
			isa = PBXSourcesBuildPhase;
			buildActionMask = 2147483647;
			files = (
				96BF1E1B29BFAC5C00FED886 /* BonchTech_StoreUITests.swift in Sources */,
				96BF1E1D29BFAC5C00FED886 /* BonchTech_StoreUITestsLaunchTests.swift in Sources */,
			);
			runOnlyForDeploymentPostprocessing = 0;
		};
/* End PBXSourcesBuildPhase section */

/* Begin PBXTargetDependency section */
		96BF1E0E29BFAC5C00FED886 /* PBXTargetDependency */ = {
			isa = PBXTargetDependency;
			target = 96BF1DF229BFAC5B00FED886 /* BonchTech Store */;
			targetProxy = 96BF1E0D29BFAC5C00FED886 /* PBXContainerItemProxy */;
		};
		96BF1E1829BFAC5C00FED886 /* PBXTargetDependency */ = {
			isa = PBXTargetDependency;
			target = 96BF1DF229BFAC5B00FED886 /* BonchTech Store */;
			targetProxy = 96BF1E1729BFAC5C00FED886 /* PBXContainerItemProxy */;
		};
/* End PBXTargetDependency section */

/* Begin PBXVariantGroup section */
		96BF1DFC29BFAC5B00FED886 /* Main.storyboard */ = {
			isa = PBXVariantGroup;
			children = (
				96BF1DFD29BFAC5B00FED886 /* Base */,
			);
			name = Main.storyboard;
			sourceTree = "<group>";
		};
		96BF1E0429BFAC5C00FED886 /* LaunchScreen.storyboard */ = {
			isa = PBXVariantGroup;
			children = (
				96BF1E0529BFAC5C00FED886 /* Base */,
			);
			name = LaunchScreen.storyboard;
			sourceTree = "<group>";
		};
/* End PBXVariantGroup section */

/* Begin XCBuildConfiguration section */
		96BF1E1E29BFAC5C00FED886 /* Debug */ = {
			isa = XCBuildConfiguration;
			buildSettings = {
				ALWAYS_SEARCH_USER_PATHS = NO;
				CLANG_ANALYZER_NONNULL = YES;
				CLANG_ANALYZER_NUMBER_OBJECT_CONVERSION = YES_AGGRESSIVE;
				CLANG_CXX_LANGUAGE_STANDARD = "gnu++20";
				CLANG_ENABLE_MODULES = YES;
				CLANG_ENABLE_OBJC_ARC = YES;
				CLANG_ENABLE_OBJC_WEAK = YES;
				CLANG_WARN_BLOCK_CAPTURE_AUTORELEASING = YES;
				CLANG_WARN_BOOL_CONVERSION = YES;
				CLANG_WARN_COMMA = YES;
				CLANG_WARN_CONSTANT_CONVERSION = YES;
				CLANG_WARN_DEPRECATED_OBJC_IMPLEMENTATIONS = YES;
				CLANG_WARN_DIRECT_OBJC_ISA_USAGE = YES_ERROR;
				CLANG_WARN_DOCUMENTATION_COMMENTS = YES;
				CLANG_WARN_EMPTY_BODY = YES;
				CLANG_WARN_ENUM_CONVERSION = YES;
				CLANG_WARN_INFINITE_RECURSION = YES;
				CLANG_WARN_INT_CONVERSION = YES;
				CLANG_WARN_NON_LITERAL_NULL_CONVERSION = YES;
				CLANG_WARN_OBJC_IMPLICIT_RETAIN_SELF = YES;
				CLANG_WARN_OBJC_LITERAL_CONVERSION = YES;
				CLANG_WARN_OBJC_ROOT_CLASS = YES_ERROR;
				CLANG_WARN_QUOTED_INCLUDE_IN_FRAMEWORK_HEADER = YES;
				CLANG_WARN_RANGE_LOOP_ANALYSIS = YES;
				CLANG_WARN_STRICT_PROTOTYPES = YES;
				CLANG_WARN_SUSPICIOUS_MOVE = YES;
				CLANG_WARN_UNGUARDED_AVAILABILITY = YES_AGGRESSIVE;
				CLANG_WARN_UNREACHABLE_CODE = YES;
				CLANG_WARN__DUPLICATE_METHOD_MATCH = YES;
				COPY_PHASE_STRIP = NO;
				DEBUG_INFORMATION_FORMAT = dwarf;
				ENABLE_STRICT_OBJC_MSGSEND = YES;
				ENABLE_TESTABILITY = YES;
				GCC_C_LANGUAGE_STANDARD = gnu11;
				GCC_DYNAMIC_NO_PIC = NO;
				GCC_NO_COMMON_BLOCKS = YES;
				GCC_OPTIMIZATION_LEVEL = 0;
				GCC_PREPROCESSOR_DEFINITIONS = (
					"DEBUG=1",
					"$(inherited)",
				);
				GCC_WARN_64_TO_32_BIT_CONVERSION = YES;
				GCC_WARN_ABOUT_RETURN_TYPE = YES_ERROR;
				GCC_WARN_UNDECLARED_SELECTOR = YES;
				GCC_WARN_UNINITIALIZED_AUTOS = YES_AGGRESSIVE;
				GCC_WARN_UNUSED_FUNCTION = YES;
				GCC_WARN_UNUSED_VARIABLE = YES;
				IPHONEOS_DEPLOYMENT_TARGET = 16.2;
				MTL_ENABLE_DEBUG_INFO = INCLUDE_SOURCE;
				MTL_FAST_MATH = YES;
				ONLY_ACTIVE_ARCH = YES;
				SDKROOT = iphoneos;
				SWIFT_ACTIVE_COMPILATION_CONDITIONS = DEBUG;
				SWIFT_OPTIMIZATION_LEVEL = "-Onone";
			};
			name = Debug;
		};
		96BF1E1F29BFAC5C00FED886 /* Release */ = {
			isa = XCBuildConfiguration;
			buildSettings = {
				ALWAYS_SEARCH_USER_PATHS = NO;
				CLANG_ANALYZER_NONNULL = YES;
				CLANG_ANALYZER_NUMBER_OBJECT_CONVERSION = YES_AGGRESSIVE;
				CLANG_CXX_LANGUAGE_STANDARD = "gnu++20";
				CLANG_ENABLE_MODULES = YES;
				CLANG_ENABLE_OBJC_ARC = YES;
				CLANG_ENABLE_OBJC_WEAK = YES;
				CLANG_WARN_BLOCK_CAPTURE_AUTORELEASING = YES;
				CLANG_WARN_BOOL_CONVERSION = YES;
				CLANG_WARN_COMMA = YES;
				CLANG_WARN_CONSTANT_CONVERSION = YES;
				CLANG_WARN_DEPRECATED_OBJC_IMPLEMENTATIONS = YES;
				CLANG_WARN_DIRECT_OBJC_ISA_USAGE = YES_ERROR;
				CLANG_WARN_DOCUMENTATION_COMMENTS = YES;
				CLANG_WARN_EMPTY_BODY = YES;
				CLANG_WARN_ENUM_CONVERSION = YES;
				CLANG_WARN_INFINITE_RECURSION = YES;
				CLANG_WARN_INT_CONVERSION = YES;
				CLANG_WARN_NON_LITERAL_NULL_CONVERSION = YES;
				CLANG_WARN_OBJC_IMPLICIT_RETAIN_SELF = YES;
				CLANG_WARN_OBJC_LITERAL_CONVERSION = YES;
				CLANG_WARN_OBJC_ROOT_CLASS = YES_ERROR;
				CLANG_WARN_QUOTED_INCLUDE_IN_FRAMEWORK_HEADER = YES;
				CLANG_WARN_RANGE_LOOP_ANALYSIS = YES;
				CLANG_WARN_STRICT_PROTOTYPES = YES;
				CLANG_WARN_SUSPICIOUS_MOVE = YES;
				CLANG_WARN_UNGUARDED_AVAILABILITY = YES_AGGRESSIVE;
				CLANG_WARN_UNREACHABLE_CODE = YES;
				CLANG_WARN__DUPLICATE_METHOD_MATCH = YES;
				COPY_PHASE_STRIP = NO;
				DEBUG_INFORMATION_FORMAT = "dwarf-with-dsym";
				ENABLE_NS_ASSERTIONS = NO;
				ENABLE_STRICT_OBJC_MSGSEND = YES;
				GCC_C_LANGUAGE_STANDARD = gnu11;
				GCC_NO_COMMON_BLOCKS = YES;
				GCC_WARN_64_TO_32_BIT_CONVERSION = YES;
				GCC_WARN_ABOUT_RETURN_TYPE = YES_ERROR;
				GCC_WARN_UNDECLARED_SELECTOR = YES;
				GCC_WARN_UNINITIALIZED_AUTOS = YES_AGGRESSIVE;
				GCC_WARN_UNUSED_FUNCTION = YES;
				GCC_WARN_UNUSED_VARIABLE = YES;
				IPHONEOS_DEPLOYMENT_TARGET = 16.2;
				MTL_ENABLE_DEBUG_INFO = NO;
				MTL_FAST_MATH = YES;
				SDKROOT = iphoneos;
				SWIFT_COMPILATION_MODE = wholemodule;
				SWIFT_OPTIMIZATION_LEVEL = "-O";
				VALIDATE_PRODUCT = YES;
			};
			name = Release;
		};
		96BF1E2129BFAC5C00FED886 /* Debug */ = {
			isa = XCBuildConfiguration;
			buildSettings = {
				ASSETCATALOG_COMPILER_APPICON_NAME = AppIcon;
				ASSETCATALOG_COMPILER_GLOBAL_ACCENT_COLOR_NAME = AccentColor;
				CODE_SIGN_STYLE = Automatic;
				CURRENT_PROJECT_VERSION = 1;
				DEVELOPMENT_TEAM = 434B2CC32L;
				GENERATE_INFOPLIST_FILE = YES;
				INFOPLIST_FILE = "BonchTech Store/Info.plist";
				INFOPLIST_KEY_UIApplicationSupportsIndirectInputEvents = YES;
				INFOPLIST_KEY_UILaunchStoryboardName = LaunchScreen;
				INFOPLIST_KEY_UIMainStoryboardFile = Main;
				INFOPLIST_KEY_UISupportedInterfaceOrientations_iPad = "UIInterfaceOrientationPortrait UIInterfaceOrientationPortraitUpsideDown UIInterfaceOrientationLandscapeLeft UIInterfaceOrientationLandscapeRight";
				INFOPLIST_KEY_UISupportedInterfaceOrientations_iPhone = "UIInterfaceOrientationPortrait UIInterfaceOrientationLandscapeLeft UIInterfaceOrientationLandscapeRight";
				LD_RUNPATH_SEARCH_PATHS = (
					"$(inherited)",
					"@executable_path/Frameworks",
				);
				MARKETING_VERSION = 1.0;
				PRODUCT_BUNDLE_IDENTIFIER = "nO4EMy9I.BonchTech-Store";
				PRODUCT_NAME = "$(TARGET_NAME)";
				SWIFT_EMIT_LOC_STRINGS = YES;
				SWIFT_VERSION = 5.0;
				TARGETED_DEVICE_FAMILY = "1,2";
			};
			name = Debug;
		};
		96BF1E2229BFAC5C00FED886 /* Release */ = {
			isa = XCBuildConfiguration;
			buildSettings = {
				ASSETCATALOG_COMPILER_APPICON_NAME = AppIcon;
				ASSETCATALOG_COMPILER_GLOBAL_ACCENT_COLOR_NAME = AccentColor;
				CODE_SIGN_STYLE = Automatic;
				CURRENT_PROJECT_VERSION = 1;
				DEVELOPMENT_TEAM = 434B2CC32L;
				GENERATE_INFOPLIST_FILE = YES;
				INFOPLIST_FILE = "BonchTech Store/Info.plist";
				INFOPLIST_KEY_UIApplicationSupportsIndirectInputEvents = YES;
				INFOPLIST_KEY_UILaunchStoryboardName = LaunchScreen;
				INFOPLIST_KEY_UIMainStoryboardFile = Main;
				INFOPLIST_KEY_UISupportedInterfaceOrientations_iPad = "UIInterfaceOrientationPortrait UIInterfaceOrientationPortraitUpsideDown UIInterfaceOrientationLandscapeLeft UIInterfaceOrientationLandscapeRight";
				INFOPLIST_KEY_UISupportedInterfaceOrientations_iPhone = "UIInterfaceOrientationPortrait UIInterfaceOrientationLandscapeLeft UIInterfaceOrientationLandscapeRight";
				LD_RUNPATH_SEARCH_PATHS = (
					"$(inherited)",
					"@executable_path/Frameworks",
				);
				MARKETING_VERSION = 1.0;
				PRODUCT_BUNDLE_IDENTIFIER = "nO4EMy9I.BonchTech-Store";
				PRODUCT_NAME = "$(TARGET_NAME)";
				SWIFT_EMIT_LOC_STRINGS = YES;
				SWIFT_VERSION = 5.0;
				TARGETED_DEVICE_FAMILY = "1,2";
			};
			name = Release;
		};
		96BF1E2429BFAC5C00FED886 /* Debug */ = {
			isa = XCBuildConfiguration;
			buildSettings = {
				ALWAYS_EMBED_SWIFT_STANDARD_LIBRARIES = YES;
				BUNDLE_LOADER = "$(TEST_HOST)";
				CODE_SIGN_STYLE = Automatic;
				CURRENT_PROJECT_VERSION = 1;
				DEVELOPMENT_TEAM = 434B2CC32L;
				GENERATE_INFOPLIST_FILE = YES;
				IPHONEOS_DEPLOYMENT_TARGET = 16.2;
				MARKETING_VERSION = 1.0;
				PRODUCT_BUNDLE_IDENTIFIER = "nO4EMy9I.BonchTech-StoreTests";
				PRODUCT_NAME = "$(TARGET_NAME)";
				SWIFT_EMIT_LOC_STRINGS = NO;
				SWIFT_VERSION = 5.0;
				TARGETED_DEVICE_FAMILY = "1,2";
				TEST_HOST = "$(BUILT_PRODUCTS_DIR)/BonchTech Store.app/$(BUNDLE_EXECUTABLE_FOLDER_PATH)/BonchTech Store";
			};
			name = Debug;
		};
		96BF1E2529BFAC5C00FED886 /* Release */ = {
			isa = XCBuildConfiguration;
			buildSettings = {
				ALWAYS_EMBED_SWIFT_STANDARD_LIBRARIES = YES;
				BUNDLE_LOADER = "$(TEST_HOST)";
				CODE_SIGN_STYLE = Automatic;
				CURRENT_PROJECT_VERSION = 1;
				DEVELOPMENT_TEAM = 434B2CC32L;
				GENERATE_INFOPLIST_FILE = YES;
				IPHONEOS_DEPLOYMENT_TARGET = 16.2;
				MARKETING_VERSION = 1.0;
				PRODUCT_BUNDLE_IDENTIFIER = "nO4EMy9I.BonchTech-StoreTests";
				PRODUCT_NAME = "$(TARGET_NAME)";
				SWIFT_EMIT_LOC_STRINGS = NO;
				SWIFT_VERSION = 5.0;
				TARGETED_DEVICE_FAMILY = "1,2";
				TEST_HOST = "$(BUILT_PRODUCTS_DIR)/BonchTech Store.app/$(BUNDLE_EXECUTABLE_FOLDER_PATH)/BonchTech Store";
			};
			name = Release;
		};
		96BF1E2729BFAC5C00FED886 /* Debug */ = {
			isa = XCBuildConfiguration;
			buildSettings = {
				ALWAYS_EMBED_SWIFT_STANDARD_LIBRARIES = YES;
				CODE_SIGN_STYLE = Automatic;
				CURRENT_PROJECT_VERSION = 1;
				DEVELOPMENT_TEAM = 434B2CC32L;
				GENERATE_INFOPLIST_FILE = YES;
				MARKETING_VERSION = 1.0;
				PRODUCT_BUNDLE_IDENTIFIER = "nO4EMy9I.BonchTech-StoreUITests";
				PRODUCT_NAME = "$(TARGET_NAME)";
				SWIFT_EMIT_LOC_STRINGS = NO;
				SWIFT_VERSION = 5.0;
				TARGETED_DEVICE_FAMILY = "1,2";
				TEST_TARGET_NAME = "BonchTech Store";
			};
			name = Debug;
		};
		96BF1E2829BFAC5C00FED886 /* Release */ = {
			isa = XCBuildConfiguration;
			buildSettings = {
				ALWAYS_EMBED_SWIFT_STANDARD_LIBRARIES = YES;
				CODE_SIGN_STYLE = Automatic;
				CURRENT_PROJECT_VERSION = 1;
				DEVELOPMENT_TEAM = 434B2CC32L;
				GENERATE_INFOPLIST_FILE = YES;
				MARKETING_VERSION = 1.0;
				PRODUCT_BUNDLE_IDENTIFIER = "nO4EMy9I.BonchTech-StoreUITests";
				PRODUCT_NAME = "$(TARGET_NAME)";
				SWIFT_EMIT_LOC_STRINGS = NO;
				SWIFT_VERSION = 5.0;
				TARGETED_DEVICE_FAMILY = "1,2";
				TEST_TARGET_NAME = "BonchTech Store";
			};
			name = Release;
		};
/* End XCBuildConfiguration section */

/* Begin XCConfigurationList section */
		96BF1DEE29BFAC5B00FED886 /* Build configuration list for PBXProject "BonchTech Store" */ = {
			isa = XCConfigurationList;
			buildConfigurations = (
				96BF1E1E29BFAC5C00FED886 /* Debug */,
				96BF1E1F29BFAC5C00FED886 /* Release */,
			);
			defaultConfigurationIsVisible = 0;
			defaultConfigurationName = Release;
		};
		96BF1E2029BFAC5C00FED886 /* Build configuration list for PBXNativeTarget "BonchTech Store" */ = {
			isa = XCConfigurationList;
			buildConfigurations = (
				96BF1E2129BFAC5C00FED886 /* Debug */,
				96BF1E2229BFAC5C00FED886 /* Release */,
			);
			defaultConfigurationIsVisible = 0;
			defaultConfigurationName = Release;
		};
		96BF1E2329BFAC5C00FED886 /* Build configuration list for PBXNativeTarget "BonchTech StoreTests" */ = {
			isa = XCConfigurationList;
			buildConfigurations = (
				96BF1E2429BFAC5C00FED886 /* Debug */,
				96BF1E2529BFAC5C00FED886 /* Release */,
			);
			defaultConfigurationIsVisible = 0;
			defaultConfigurationName = Release;
		};
		96BF1E2629BFAC5C00FED886 /* Build configuration list for PBXNativeTarget "BonchTech StoreUITests" */ = {
			isa = XCConfigurationList;
			buildConfigurations = (
				96BF1E2729BFAC5C00FED886 /* Debug */,
				96BF1E2829BFAC5C00FED886 /* Release */,
			);
			defaultConfigurationIsVisible = 0;
			defaultConfigurationName = Release;
		};
/* End XCConfigurationList section */

/* Begin XCVersionGroup section */
		96BF1DFF29BFAC5B00FED886 /* BonchTech_Store.xcdatamodeld */ = {
			isa = XCVersionGroup;
			children = (
				96BF1E0029BFAC5B00FED886 /* BonchTech_Store.xcdatamodel */,
			);
			currentVersion = 96BF1E0029BFAC5B00FED886 /* BonchTech_Store.xcdatamodel */;
			path = BonchTech_Store.xcdatamodeld;
			sourceTree = "<group>";
			versionGroupType = wrapper.xcdatamodel;
		};
/* End XCVersionGroup section */
	};
	rootObject = 96BF1DEB29BFAC5B00FED886 /* Project object */;
}
