// !$*UTF8*$!
{
	archiveVersion = 1;
	classes = {
	};
	objectVersion = 56;
	objects = {

/* Begin PBXBuildFile section */
		9612817929F2961400754999 /* CommentViewController.swift in Sources */ = {isa = PBXBuildFile; fileRef = 9612817829F2961300754999 /* CommentViewController.swift */; };
		9612817B29F2A1FA00754999 /* UITextView+Placeholder.swift in Sources */ = {isa = PBXBuildFile; fileRef = 9612817A29F2A1FA00754999 /* UITextView+Placeholder.swift */; };
		9615B28229C8740100CAFEE6 /* GoogleService-Info.plist in Resources */ = {isa = PBXBuildFile; fileRef = 9615B28129C8740100CAFEE6 /* GoogleService-Info.plist */; };
		9615B28529C8757A00CAFEE6 /* FirebaseAnalytics in Frameworks */ = {isa = PBXBuildFile; productRef = 9615B28429C8757A00CAFEE6 /* FirebaseAnalytics */; };
		9615B28729C8757A00CAFEE6 /* FirebaseDatabase in Frameworks */ = {isa = PBXBuildFile; productRef = 9615B28629C8757A00CAFEE6 /* FirebaseDatabase */; };
		9615B28929C8757A00CAFEE6 /* FirebaseFirestore in Frameworks */ = {isa = PBXBuildFile; productRef = 9615B28829C8757A00CAFEE6 /* FirebaseFirestore */; };
		9615B28B29C8757A00CAFEE6 /* FirebaseStorage in Frameworks */ = {isa = PBXBuildFile; productRef = 9615B28A29C8757A00CAFEE6 /* FirebaseStorage */; };
		9615B28D29C8780F00CAFEE6 /* APIManager.swift in Sources */ = {isa = PBXBuildFile; fileRef = 9615B28C29C8780F00CAFEE6 /* APIManager.swift */; };
		9618148129F8258900E8AC75 /* CommentsTableViewController.swift in Sources */ = {isa = PBXBuildFile; fileRef = 9618148029F8258900E8AC75 /* CommentsTableViewController.swift */; };
		9618148329F825DE00E8AC75 /* CommentTableViewCell.swift in Sources */ = {isa = PBXBuildFile; fileRef = 9618148229F825DE00E8AC75 /* CommentTableViewCell.swift */; };
		9618148529F835C700E8AC75 /* Comment.swift in Sources */ = {isa = PBXBuildFile; fileRef = 9618148429F835C700E8AC75 /* Comment.swift */; };
		9641750429DB07A300308D84 /* ProductViewController.swift in Sources */ = {isa = PBXBuildFile; fileRef = 9641750329DB07A300308D84 /* ProductViewController.swift */; };
		9641750629DB080F00308D84 /* ProductPhotoCollectionViewCell.swift in Sources */ = {isa = PBXBuildFile; fileRef = 9641750529DB080F00308D84 /* ProductPhotoCollectionViewCell.swift */; };
		9645929429FA9FAD0026DB86 /* CodeDataManager.swift in Sources */ = {isa = PBXBuildFile; fileRef = 9645929329FA9FAD0026DB86 /* CodeDataManager.swift */; };
		9645929729FAACC20026DB86 /* BonchTech_Store.xcdatamodeld in Sources */ = {isa = PBXBuildFile; fileRef = 9645929529FAACC20026DB86 /* BonchTech_Store.xcdatamodeld */; };
		964592A729FAB4D80026DB86 /* BagProduct+CoreDataProperties.swift in Sources */ = {isa = PBXBuildFile; fileRef = 964592A529FAB4D80026DB86 /* BagProduct+CoreDataProperties.swift */; };
		965C30B829DB64EC00849850 /* SpecificationsProductTableViewController.swift in Sources */ = {isa = PBXBuildFile; fileRef = 965C30B729DB64EC00849850 /* SpecificationsProductTableViewController.swift */; };
		965C30BB29DB652300849850 /* SpecificationsProfuctTableViewCell.swift in Sources */ = {isa = PBXBuildFile; fileRef = 965C30BA29DB652300849850 /* SpecificationsProfuctTableViewCell.swift */; };
		966E9EA729C88EBB0040B9BB /* PromotionsCollectionViewCell.swift in Sources */ = {isa = PBXBuildFile; fileRef = 966E9EA629C88EBA0040B9BB /* PromotionsCollectionViewCell.swift */; };
		96773B9729DC337800DDD53E /* Specifications.swift in Sources */ = {isa = PBXBuildFile; fileRef = 96773B9629DC337800DDD53E /* Specifications.swift */; };
		968B1CF429D85A1B0038ADA8 /* CategoryViewController.swift in Sources */ = {isa = PBXBuildFile; fileRef = 968B1CF329D85A1B0038ADA8 /* CategoryViewController.swift */; };
		968B1CF629D85B810038ADA8 /* ProductCategory.swift in Sources */ = {isa = PBXBuildFile; fileRef = 968B1CF529D85B810038ADA8 /* ProductCategory.swift */; };
		968B1CF829D85B950038ADA8 /* Promotion.swift in Sources */ = {isa = PBXBuildFile; fileRef = 968B1CF729D85B950038ADA8 /* Promotion.swift */; };
		968B1CFA29D85ECB0038ADA8 /* ProductCategoryViewCell.swift in Sources */ = {isa = PBXBuildFile; fileRef = 968B1CF929D85ECB0038ADA8 /* ProductCategoryViewCell.swift */; };
		96A2934329F930B400E89145 /* BagViewController.swift in Sources */ = {isa = PBXBuildFile; fileRef = 96A2934229F930B400E89145 /* BagViewController.swift */; };
		96A2934B29F9563D00E89145 /* ProductBagCollectionViewCell.swift in Sources */ = {isa = PBXBuildFile; fileRef = 96A2934A29F9563D00E89145 /* ProductBagCollectionViewCell.swift */; };
		96BF1DF729BFAC5B00FED886 /* AppDelegate.swift in Sources */ = {isa = PBXBuildFile; fileRef = 96BF1DF629BFAC5B00FED886 /* AppDelegate.swift */; };
		96BF1DF929BFAC5B00FED886 /* SceneDelegate.swift in Sources */ = {isa = PBXBuildFile; fileRef = 96BF1DF829BFAC5B00FED886 /* SceneDelegate.swift */; };
		96BF1DFE29BFAC5B00FED886 /* Main.storyboard in Resources */ = {isa = PBXBuildFile; fileRef = 96BF1DFC29BFAC5B00FED886 /* Main.storyboard */; };
		96BF1E0329BFAC5C00FED886 /* Assets.xcassets in Resources */ = {isa = PBXBuildFile; fileRef = 96BF1E0229BFAC5C00FED886 /* Assets.xcassets */; };
		96BF1E0629BFAC5C00FED886 /* LaunchScreen.storyboard in Resources */ = {isa = PBXBuildFile; fileRef = 96BF1E0429BFAC5C00FED886 /* LaunchScreen.storyboard */; };
		96BF1E1129BFAC5C00FED886 /* BonchTech_StoreTests.swift in Sources */ = {isa = PBXBuildFile; fileRef = 96BF1E1029BFAC5C00FED886 /* BonchTech_StoreTests.swift */; };
		96BF1E1B29BFAC5C00FED886 /* BonchTech_StoreUITests.swift in Sources */ = {isa = PBXBuildFile; fileRef = 96BF1E1A29BFAC5C00FED886 /* BonchTech_StoreUITests.swift */; };
		96BF1E1D29BFAC5C00FED886 /* BonchTech_StoreUITestsLaunchTests.swift in Sources */ = {isa = PBXBuildFile; fileRef = 96BF1E1C29BFAC5C00FED886 /* BonchTech_StoreUITestsLaunchTests.swift */; };
		96E1092329C10C2500F1E72E /* MainViewController.swift in Sources */ = {isa = PBXBuildFile; fileRef = 96E1092229C10C2500F1E72E /* MainViewController.swift */; };
		96E2A74E29D8757B0047C1AC /* CatalogCollectionViewController.swift in Sources */ = {isa = PBXBuildFile; fileRef = 96E2A74D29D8757B0047C1AC /* CatalogCollectionViewController.swift */; };
		96E2A75229D8762D0047C1AC /* Product.swift in Sources */ = {isa = PBXBuildFile; fileRef = 96E2A75129D8762D0047C1AC /* Product.swift */; };
		96E2A75529D88F6D0047C1AC /* ProductCollectionViewCell.swift in Sources */ = {isa = PBXBuildFile; fileRef = 96E2A75329D88F6D0047C1AC /* ProductCollectionViewCell.swift */; };
		96E2A75629D88F6D0047C1AC /* ProductCollectionViewCell.xib in Resources */ = {isa = PBXBuildFile; fileRef = 96E2A75429D88F6D0047C1AC /* ProductCollectionViewCell.xib */; };
/* End PBXBuildFile section */

/* Begin PBXContainerItemProxy section */
		96BF1E0D29BFAC5C00FED886 /* PBXContainerItemProxy */ = {
			isa = PBXContainerItemProxy;
			containerPortal = 96BF1DEB29BFAC5B00FED886 /* Project object */;
			proxyType = 1;
			remoteGlobalIDString = 96BF1DF229BFAC5B00FED886;
			remoteInfo = "BonchTech Store";
		};
		96BF1E1729BFAC5C00FED886 /* PBXContainerItemProxy */ = {
			isa = PBXContainerItemProxy;
			containerPortal = 96BF1DEB29BFAC5B00FED886 /* Project object */;
			proxyType = 1;
			remoteGlobalIDString = 96BF1DF229BFAC5B00FED886;
			remoteInfo = "BonchTech Store";
		};
/* End PBXContainerItemProxy section */

/* Begin PBXFileReference section */
		9612817829F2961300754999 /* CommentViewController.swift */ = {isa = PBXFileReference; lastKnownFileType = sourcecode.swift; path = CommentViewController.swift; sourceTree = "<group>"; };
		9612817A29F2A1FA00754999 /* UITextView+Placeholder.swift */ = {isa = PBXFileReference; lastKnownFileType = sourcecode.swift; path = "UITextView+Placeholder.swift"; sourceTree = "<group>"; };
		9615B28129C8740100CAFEE6 /* GoogleService-Info.plist */ = {isa = PBXFileReference; fileEncoding = 4; lastKnownFileType = text.plist.xml; path = "GoogleService-Info.plist"; sourceTree = "<group>"; };
		9615B28C29C8780F00CAFEE6 /* APIManager.swift */ = {isa = PBXFileReference; lastKnownFileType = sourcecode.swift; path = APIManager.swift; sourceTree = "<group>"; };
		9618148029F8258900E8AC75 /* CommentsTableViewController.swift */ = {isa = PBXFileReference; lastKnownFileType = sourcecode.swift; path = CommentsTableViewController.swift; sourceTree = "<group>"; };
		9618148229F825DE00E8AC75 /* CommentTableViewCell.swift */ = {isa = PBXFileReference; lastKnownFileType = sourcecode.swift; path = CommentTableViewCell.swift; sourceTree = "<group>"; };
		9618148429F835C700E8AC75 /* Comment.swift */ = {isa = PBXFileReference; lastKnownFileType = sourcecode.swift; path = Comment.swift; sourceTree = "<group>"; };
		9641750329DB07A300308D84 /* ProductViewController.swift */ = {isa = PBXFileReference; lastKnownFileType = sourcecode.swift; path = ProductViewController.swift; sourceTree = "<group>"; };
		9641750529DB080F00308D84 /* ProductPhotoCollectionViewCell.swift */ = {isa = PBXFileReference; lastKnownFileType = sourcecode.swift; path = ProductPhotoCollectionViewCell.swift; sourceTree = "<group>"; };
		9645929329FA9FAD0026DB86 /* CodeDataManager.swift */ = {isa = PBXFileReference; lastKnownFileType = sourcecode.swift; path = CodeDataManager.swift; sourceTree = "<group>"; };
		9645929629FAACC20026DB86 /* BonchTech_Store.xcdatamodel */ = {isa = PBXFileReference; lastKnownFileType = wrapper.xcdatamodel; path = BonchTech_Store.xcdatamodel; sourceTree = "<group>"; };
		964592A529FAB4D80026DB86 /* BagProduct+CoreDataProperties.swift */ = {isa = PBXFileReference; lastKnownFileType = sourcecode.swift; path = "BagProduct+CoreDataProperties.swift"; sourceTree = "<group>"; };
		965C30B729DB64EC00849850 /* SpecificationsProductTableViewController.swift */ = {isa = PBXFileReference; lastKnownFileType = sourcecode.swift; path = SpecificationsProductTableViewController.swift; sourceTree = "<group>"; };
		965C30BA29DB652300849850 /* SpecificationsProfuctTableViewCell.swift */ = {isa = PBXFileReference; lastKnownFileType = sourcecode.swift; path = SpecificationsProfuctTableViewCell.swift; sourceTree = "<group>"; };
		966E9EA629C88EBA0040B9BB /* PromotionsCollectionViewCell.swift */ = {isa = PBXFileReference; lastKnownFileType = sourcecode.swift; path = PromotionsCollectionViewCell.swift; sourceTree = "<group>"; };
		96773B9629DC337800DDD53E /* Specifications.swift */ = {isa = PBXFileReference; lastKnownFileType = sourcecode.swift; path = Specifications.swift; sourceTree = "<group>"; };
		968B1CF329D85A1B0038ADA8 /* CategoryViewController.swift */ = {isa = PBXFileReference; lastKnownFileType = sourcecode.swift; path = CategoryViewController.swift; sourceTree = "<group>"; };
		968B1CF529D85B810038ADA8 /* ProductCategory.swift */ = {isa = PBXFileReference; lastKnownFileType = sourcecode.swift; path = ProductCategory.swift; sourceTree = "<group>"; };
		968B1CF729D85B950038ADA8 /* Promotion.swift */ = {isa = PBXFileReference; lastKnownFileType = sourcecode.swift; path = Promotion.swift; sourceTree = "<group>"; };
		968B1CF929D85ECB0038ADA8 /* ProductCategoryViewCell.swift */ = {isa = PBXFileReference; lastKnownFileType = sourcecode.swift; path = ProductCategoryViewCell.swift; sourceTree = "<group>"; };
		96A2934229F930B400E89145 /* BagViewController.swift */ = {isa = PBXFileReference; lastKnownFileType = sourcecode.swift; path = BagViewController.swift; sourceTree = "<group>"; };
		96A2934A29F9563D00E89145 /* ProductBagCollectionViewCell.swift */ = {isa = PBXFileReference; lastKnownFileType = sourcecode.swift; path = ProductBagCollectionViewCell.swift; sourceTree = "<group>"; };
		96BF1DF329BFAC5B00FED886 /* BonchTech Store.app */ = {isa = PBXFileReference; explicitFileType = wrapper.application; includeInIndex = 0; path = "BonchTech Store.app"; sourceTree = BUILT_PRODUCTS_DIR; };
		96BF1DF629BFAC5B00FED886 /* AppDelegate.swift */ = {isa = PBXFileReference; lastKnownFileType = sourcecode.swift; path = AppDelegate.swift; sourceTree = "<group>"; };
		96BF1DF829BFAC5B00FED886 /* SceneDelegate.swift */ = {isa = PBXFileReference; lastKnownFileType = sourcecode.swift; path = SceneDelegate.swift; sourceTree = "<group>"; };
		96BF1DFD29BFAC5B00FED886 /* Base */ = {isa = PBXFileReference; lastKnownFileType = file.storyboard; name = Base; path = Base.lproj/Main.storyboard; sourceTree = "<group>"; };
		96BF1E0229BFAC5C00FED886 /* Assets.xcassets */ = {isa = PBXFileReference; lastKnownFileType = folder.assetcatalog; path = Assets.xcassets; sourceTree = "<group>"; };
		96BF1E0529BFAC5C00FED886 /* Base */ = {isa = PBXFileReference; lastKnownFileType = file.storyboard; name = Base; path = Base.lproj/LaunchScreen.storyboard; sourceTree = "<group>"; };
		96BF1E0729BFAC5C00FED886 /* Info.plist */ = {isa = PBXFileReference; lastKnownFileType = text.plist.xml; path = Info.plist; sourceTree = "<group>"; };
		96BF1E0C29BFAC5C00FED886 /* BonchTech StoreTests.xctest */ = {isa = PBXFileReference; explicitFileType = wrapper.cfbundle; includeInIndex = 0; path = "BonchTech StoreTests.xctest"; sourceTree = BUILT_PRODUCTS_DIR; };
		96BF1E1029BFAC5C00FED886 /* BonchTech_StoreTests.swift */ = {isa = PBXFileReference; lastKnownFileType = sourcecode.swift; path = BonchTech_StoreTests.swift; sourceTree = "<group>"; };
		96BF1E1629BFAC5C00FED886 /* BonchTech StoreUITests.xctest */ = {isa = PBXFileReference; explicitFileType = wrapper.cfbundle; includeInIndex = 0; path = "BonchTech StoreUITests.xctest"; sourceTree = BUILT_PRODUCTS_DIR; };
		96BF1E1A29BFAC5C00FED886 /* BonchTech_StoreUITests.swift */ = {isa = PBXFileReference; lastKnownFileType = sourcecode.swift; path = BonchTech_StoreUITests.swift; sourceTree = "<group>"; };
		96BF1E1C29BFAC5C00FED886 /* BonchTech_StoreUITestsLaunchTests.swift */ = {isa = PBXFileReference; lastKnownFileType = sourcecode.swift; path = BonchTech_StoreUITestsLaunchTests.swift; sourceTree = "<group>"; };
		96E1092229C10C2500F1E72E /* MainViewController.swift */ = {isa = PBXFileReference; lastKnownFileType = sourcecode.swift; path = MainViewController.swift; sourceTree = "<group>"; };
		96E2A74D29D8757B0047C1AC /* CatalogCollectionViewController.swift */ = {isa = PBXFileReference; lastKnownFileType = sourcecode.swift; path = CatalogCollectionViewController.swift; sourceTree = "<group>"; };
		96E2A75129D8762D0047C1AC /* Product.swift */ = {isa = PBXFileReference; lastKnownFileType = sourcecode.swift; path = Product.swift; sourceTree = "<group>"; };
		96E2A75329D88F6D0047C1AC /* ProductCollectionViewCell.swift */ = {isa = PBXFileReference; lastKnownFileType = sourcecode.swift; path = ProductCollectionViewCell.swift; sourceTree = "<group>"; };
		96E2A75429D88F6D0047C1AC /* ProductCollectionViewCell.xib */ = {isa = PBXFileReference; lastKnownFileType = file.xib; path = ProductCollectionViewCell.xib; sourceTree = "<group>"; };
/* End PBXFileReference section */

/* Begin PBXFrameworksBuildPhase section */
		96BF1DF029BFAC5B00FED886 /* Frameworks */ = {
			isa = PBXFrameworksBuildPhase;
			buildActionMask = 2147483647;
			files = (
				9615B28729C8757A00CAFEE6 /* FirebaseDatabase in Frameworks */,
				9615B28B29C8757A00CAFEE6 /* FirebaseStorage in Frameworks */,
				9615B28529C8757A00CAFEE6 /* FirebaseAnalytics in Frameworks */,
				9615B28929C8757A00CAFEE6 /* FirebaseFirestore in Frameworks */,
			);
			runOnlyForDeploymentPostprocessing = 0;
		};
		96BF1E0929BFAC5C00FED886 /* Frameworks */ = {
			isa = PBXFrameworksBuildPhase;
			buildActionMask = 2147483647;
			files = (
			);
			runOnlyForDeploymentPostprocessing = 0;
		};
		96BF1E1329BFAC5C00FED886 /* Frameworks */ = {
			isa = PBXFrameworksBuildPhase;
			buildActionMask = 2147483647;
			files = (
			);
			runOnlyForDeploymentPostprocessing = 0;
		};
/* End PBXFrameworksBuildPhase section */

/* Begin PBXGroup section */
		9615B27D29C870EB00CAFEE6 /* Application */ = {
			isa = PBXGroup;
			children = (
				96BF1DF629BFAC5B00FED886 /* AppDelegate.swift */,
				96BF1DF829BFAC5B00FED886 /* SceneDelegate.swift */,
			);
			path = Application;
			sourceTree = "<group>";
		};
		9615B27E29C8711300CAFEE6 /* Resources */ = {
			isa = PBXGroup;
			children = (
				9615B28129C8740100CAFEE6 /* GoogleService-Info.plist */,
				96BF1E0229BFAC5C00FED886 /* Assets.xcassets */,
				96BF1E0429BFAC5C00FED886 /* LaunchScreen.storyboard */,
			);
			path = Resources;
			sourceTree = "<group>";
		};
		9615B27F29C8714600CAFEE6 /* Core */ = {
			isa = PBXGroup;
			children = (
				9645929529FAACC20026DB86 /* BonchTech_Store.xcdatamodeld */,
				9645929329FA9FAD0026DB86 /* CodeDataManager.swift */,
			);
			path = Core;
			sourceTree = "<group>";
		};
		9615B28029C8717B00CAFEE6 /* Model */ = {
			isa = PBXGroup;
			children = (
				9615B28C29C8780F00CAFEE6 /* APIManager.swift */,
				968B1CF529D85B810038ADA8 /* ProductCategory.swift */,
				968B1CF729D85B950038ADA8 /* Promotion.swift */,
				96E2A75129D8762D0047C1AC /* Product.swift */,
				96773B9629DC337800DDD53E /* Specifications.swift */,
				9618148429F835C700E8AC75 /* Comment.swift */,
			);
			path = Model;
			sourceTree = "<group>";
		};
		9641750229DB077E00308D84 /* ProductViewController */ = {
			isa = PBXGroup;
			children = (
				9641750329DB07A300308D84 /* ProductViewController.swift */,
				9641750529DB080F00308D84 /* ProductPhotoCollectionViewCell.swift */,
			);
			path = ProductViewController;
			sourceTree = "<group>";
		};
		965C30B929DB64F900849850 /* SpecificationsProduct */ = {
			isa = PBXGroup;
			children = (
				965C30B729DB64EC00849850 /* SpecificationsProductTableViewController.swift */,
				965C30BA29DB652300849850 /* SpecificationsProfuctTableViewCell.swift */,
			);
			path = SpecificationsProduct;
			sourceTree = "<group>";
		};
		968B1CF129D859760038ADA8 /* MainController */ = {
			isa = PBXGroup;
			children = (
				96E1092229C10C2500F1E72E /* MainViewController.swift */,
				966E9EA629C88EBA0040B9BB /* PromotionsCollectionViewCell.swift */,
			);
			path = MainController;
			sourceTree = "<group>";
		};
		968B1CF229D859A40038ADA8 /* CategoryController */ = {
			isa = PBXGroup;
			children = (
				968B1CF329D85A1B0038ADA8 /* CategoryViewController.swift */,
				968B1CF929D85ECB0038ADA8 /* ProductCategoryViewCell.swift */,
			);
			path = CategoryController;
			sourceTree = "<group>";
		};
		9691C66329F3023F000EF185 /* Extension */ = {
			isa = PBXGroup;
			children = (
				9612817A29F2A1FA00754999 /* UITextView+Placeholder.swift */,
			);
			path = Extension;
			sourceTree = "<group>";
		};
		96A2934129F9307700E89145 /* BagController */ = {
			isa = PBXGroup;
			children = (
				96A2934229F930B400E89145 /* BagViewController.swift */,
				96A2934A29F9563D00E89145 /* ProductBagCollectionViewCell.swift */,
			);
			path = BagController;
			sourceTree = "<group>";
		};
		96BF1DEA29BFAC5B00FED886 = {
			isa = PBXGroup;
			children = (
				964592A529FAB4D80026DB86 /* BagProduct+CoreDataProperties.swift */,
				96BF1DF529BFAC5B00FED886 /* BonchTech Store */,
				96BF1E0F29BFAC5C00FED886 /* BonchTech StoreTests */,
				96BF1E1929BFAC5C00FED886 /* BonchTech StoreUITests */,
				96BF1DF429BFAC5B00FED886 /* Products */,
			);
			sourceTree = "<group>";
		};
		96BF1DF429BFAC5B00FED886 /* Products */ = {
			isa = PBXGroup;
			children = (
				96BF1DF329BFAC5B00FED886 /* BonchTech Store.app */,
				96BF1E0C29BFAC5C00FED886 /* BonchTech StoreTests.xctest */,
				96BF1E1629BFAC5C00FED886 /* BonchTech StoreUITests.xctest */,
			);
			name = Products;
			sourceTree = "<group>";
		};
		96BF1DF529BFAC5B00FED886 /* BonchTech Store */ = {
			isa = PBXGroup;
			children = (
				96BF1DFC29BFAC5B00FED886 /* Main.storyboard */,
				96A2934129F9307700E89145 /* BagController */,
				96E503CA29F8423000D666A4 /* Comment */,
				965C30B929DB64F900849850 /* SpecificationsProduct */,
				9641750229DB077E00308D84 /* ProductViewController */,
				96E2A74C29D875580047C1AC /* CatalogController */,
				968B1CF229D859A40038ADA8 /* CategoryController */,
				968B1CF129D859760038ADA8 /* MainController */,
				96BF1E0729BFAC5C00FED886 /* Info.plist */,
				9615B27D29C870EB00CAFEE6 /* Application */,
				9615B27E29C8711300CAFEE6 /* Resources */,
				9615B28029C8717B00CAFEE6 /* Model */,
				9615B27F29C8714600CAFEE6 /* Core */,
				9691C66329F3023F000EF185 /* Extension */,
			);
			path = "BonchTech Store";
			sourceTree = "<group>";
		};
		96BF1E0F29BFAC5C00FED886 /* BonchTech StoreTests */ = {
			isa = PBXGroup;
			children = (
				96BF1E1029BFAC5C00FED886 /* BonchTech_StoreTests.swift */,
			);
			path = "BonchTech StoreTests";
			sourceTree = "<group>";
		};
		96BF1E1929BFAC5C00FED886 /* BonchTech StoreUITests */ = {
			isa = PBXGroup;
			children = (
				96BF1E1A29BFAC5C00FED886 /* BonchTech_StoreUITests.swift */,
				96BF1E1C29BFAC5C00FED886 /* BonchTech_StoreUITestsLaunchTests.swift */,
			);
			path = "BonchTech StoreUITests";
			sourceTree = "<group>";
		};
		96E2A74C29D875580047C1AC /* CatalogController */ = {
			isa = PBXGroup;
			children = (
				96E2A74D29D8757B0047C1AC /* CatalogCollectionViewController.swift */,
				96E2A75329D88F6D0047C1AC /* ProductCollectionViewCell.swift */,
				96E2A75429D88F6D0047C1AC /* ProductCollectionViewCell.xib */,
			);
			path = CatalogController;
			sourceTree = "<group>";
		};
		96E503CA29F8423000D666A4 /* Comment */ = {
			isa = PBXGroup;
			children = (
				9612817829F2961300754999 /* CommentViewController.swift */,
				9618148029F8258900E8AC75 /* CommentsTableViewController.swift */,
				9618148229F825DE00E8AC75 /* CommentTableViewCell.swift */,
			);
			path = Comment;
			sourceTree = "<group>";
		};
/* End PBXGroup section */

/* Begin PBXNativeTarget section */
		96BF1DF229BFAC5B00FED886 /* BonchTech Store */ = {
			isa = PBXNativeTarget;
			buildConfigurationList = 96BF1E2029BFAC5C00FED886 /* Build configuration list for PBXNativeTarget "BonchTech Store" */;
			buildPhases = (
				96BF1DEF29BFAC5B00FED886 /* Sources */,
				96BF1DF029BFAC5B00FED886 /* Frameworks */,
				96BF1DF129BFAC5B00FED886 /* Resources */,
			);
			buildRules = (
			);
			dependencies = (
			);
			name = "BonchTech Store";
			packageProductDependencies = (
				9615B28429C8757A00CAFEE6 /* FirebaseAnalytics */,
				9615B28629C8757A00CAFEE6 /* FirebaseDatabase */,
				9615B28829C8757A00CAFEE6 /* FirebaseFirestore */,
				9615B28A29C8757A00CAFEE6 /* FirebaseStorage */,
			);
			productName = "BonchTech Store";
			productReference = 96BF1DF329BFAC5B00FED886 /* BonchTech Store.app */;
			productType = "com.apple.product-type.application";
		};
		96BF1E0B29BFAC5C00FED886 /* BonchTech StoreTests */ = {
			isa = PBXNativeTarget;
			buildConfigurationList = 96BF1E2329BFAC5C00FED886 /* Build configuration list for PBXNativeTarget "BonchTech StoreTests" */;
			buildPhases = (
				96BF1E0829BFAC5C00FED886 /* Sources */,
				96BF1E0929BFAC5C00FED886 /* Frameworks */,
				96BF1E0A29BFAC5C00FED886 /* Resources */,
			);
			buildRules = (
			);
			dependencies = (
				96BF1E0E29BFAC5C00FED886 /* PBXTargetDependency */,
			);
			name = "BonchTech StoreTests";
			productName = "BonchTech StoreTests";
			productReference = 96BF1E0C29BFAC5C00FED886 /* BonchTech StoreTests.xctest */;
			productType = "com.apple.product-type.bundle.unit-test";
		};
		96BF1E1529BFAC5C00FED886 /* BonchTech StoreUITests */ = {
			isa = PBXNativeTarget;
			buildConfigurationList = 96BF1E2629BFAC5C00FED886 /* Build configuration list for PBXNativeTarget "BonchTech StoreUITests" */;
			buildPhases = (
				96BF1E1229BFAC5C00FED886 /* Sources */,
				96BF1E1329BFAC5C00FED886 /* Frameworks */,
				96BF1E1429BFAC5C00FED886 /* Resources */,
			);
			buildRules = (
			);
			dependencies = (
				96BF1E1829BFAC5C00FED886 /* PBXTargetDependency */,
			);
			name = "BonchTech StoreUITests";
			productName = "BonchTech StoreUITests";
			productReference = 96BF1E1629BFAC5C00FED886 /* BonchTech StoreUITests.xctest */;
			productType = "com.apple.product-type.bundle.ui-testing";
		};
/* End PBXNativeTarget section */

/* Begin PBXProject section */
		96BF1DEB29BFAC5B00FED886 /* Project object */ = {
			isa = PBXProject;
			attributes = {
				BuildIndependentTargetsInParallel = 1;
				LastSwiftUpdateCheck = 1420;
				LastUpgradeCheck = 1420;
				TargetAttributes = {
					96BF1DF229BFAC5B00FED886 = {
						CreatedOnToolsVersion = 14.2;
					};
					96BF1E0B29BFAC5C00FED886 = {
						CreatedOnToolsVersion = 14.2;
						TestTargetID = 96BF1DF229BFAC5B00FED886;
					};
					96BF1E1529BFAC5C00FED886 = {
						CreatedOnToolsVersion = 14.2;
						TestTargetID = 96BF1DF229BFAC5B00FED886;
					};
				};
			};
			buildConfigurationList = 96BF1DEE29BFAC5B00FED886 /* Build configuration list for PBXProject "BonchTech Store" */;
			compatibilityVersion = "Xcode 14.0";
			developmentRegion = en;
			hasScannedForEncodings = 0;
			knownRegions = (
				en,
				Base,
			);
			mainGroup = 96BF1DEA29BFAC5B00FED886;
			packageReferences = (
				9615B28329C8757A00CAFEE6 /* XCRemoteSwiftPackageReference "firebase-ios-sdk" */,
			);
			productRefGroup = 96BF1DF429BFAC5B00FED886 /* Products */;
			projectDirPath = "";
			projectRoot = "";
			targets = (
				96BF1DF229BFAC5B00FED886 /* BonchTech Store */,
				96BF1E0B29BFAC5C00FED886 /* BonchTech StoreTests */,
				96BF1E1529BFAC5C00FED886 /* BonchTech StoreUITests */,
			);
		};
/* End PBXProject section */

/* Begin PBXResourcesBuildPhase section */
		96BF1DF129BFAC5B00FED886 /* Resources */ = {
			isa = PBXResourcesBuildPhase;
			buildActionMask = 2147483647;
			files = (
				96BF1E0629BFAC5C00FED886 /* LaunchScreen.storyboard in Resources */,
				96BF1E0329BFAC5C00FED886 /* Assets.xcassets in Resources */,
				96E2A75629D88F6D0047C1AC /* ProductCollectionViewCell.xib in Resources */,
				9615B28229C8740100CAFEE6 /* GoogleService-Info.plist in Resources */,
				96BF1DFE29BFAC5B00FED886 /* Main.storyboard in Resources */,
			);
			runOnlyForDeploymentPostprocessing = 0;
		};
		96BF1E0A29BFAC5C00FED886 /* Resources */ = {
			isa = PBXResourcesBuildPhase;
			buildActionMask = 2147483647;
			files = (
			);
			runOnlyForDeploymentPostprocessing = 0;
		};
		96BF1E1429BFAC5C00FED886 /* Resources */ = {
			isa = PBXResourcesBuildPhase;
			buildActionMask = 2147483647;
			files = (
			);
			runOnlyForDeploymentPostprocessing = 0;
		};
/* End PBXResourcesBuildPhase section */

/* Begin PBXSourcesBuildPhase section */
		96BF1DEF29BFAC5B00FED886 /* Sources */ = {
			isa = PBXSourcesBuildPhase;
			buildActionMask = 2147483647;
			files = (
				965C30B829DB64EC00849850 /* SpecificationsProductTableViewController.swift in Sources */,
				965C30BB29DB652300849850 /* SpecificationsProfuctTableViewCell.swift in Sources */,
				9645929429FA9FAD0026DB86 /* CodeDataManager.swift in Sources */,
				9612817B29F2A1FA00754999 /* UITextView+Placeholder.swift in Sources */,
				9618148329F825DE00E8AC75 /* CommentTableViewCell.swift in Sources */,
				968B1CF429D85A1B0038ADA8 /* CategoryViewController.swift in Sources */,
				9641750629DB080F00308D84 /* ProductPhotoCollectionViewCell.swift in Sources */,
				966E9EA729C88EBB0040B9BB /* PromotionsCollectionViewCell.swift in Sources */,
				96E2A75529D88F6D0047C1AC /* ProductCollectionViewCell.swift in Sources */,
				9641750429DB07A300308D84 /* ProductViewController.swift in Sources */,
				9615B28D29C8780F00CAFEE6 /* APIManager.swift in Sources */,
				968B1CF629D85B810038ADA8 /* ProductCategory.swift in Sources */,
				964592A729FAB4D80026DB86 /* BagProduct+CoreDataProperties.swift in Sources */,
				96A2934B29F9563D00E89145 /* ProductBagCollectionViewCell.swift in Sources */,
				9645929729FAACC20026DB86 /* BonchTech_Store.xcdatamodeld in Sources */,
				9618148129F8258900E8AC75 /* CommentsTableViewController.swift in Sources */,
				9612817929F2961400754999 /* CommentViewController.swift in Sources */,
				96BF1DF729BFAC5B00FED886 /* AppDelegate.swift in Sources */,
				96773B9729DC337800DDD53E /* Specifications.swift in Sources */,
				968B1CFA29D85ECB0038ADA8 /* ProductCategoryViewCell.swift in Sources */,
				968B1CF829D85B950038ADA8 /* Promotion.swift in Sources */,
				9618148529F835C700E8AC75 /* Comment.swift in Sources */,
				96A2934329F930B400E89145 /* BagViewController.swift in Sources */,
				96BF1DF929BFAC5B00FED886 /* SceneDelegate.swift in Sources */,
				96E2A74E29D8757B0047C1AC /* CatalogCollectionViewController.swift in Sources */,
				96E1092329C10C2500F1E72E /* MainViewController.swift in Sources */,
				96E2A75229D8762D0047C1AC /* Product.swift in Sources */,
			);
			runOnlyForDeploymentPostprocessing = 0;
		};
		96BF1E0829BFAC5C00FED886 /* Sources */ = {
			isa = PBXSourcesBuildPhase;
			buildActionMask = 2147483647;
			files = (
				96BF1E1129BFAC5C00FED886 /* BonchTech_StoreTests.swift in Sources */,
			);
			runOnlyForDeploymentPostprocessing = 0;
		};
		96BF1E1229BFAC5C00FED886 /* Sources */ = {
			isa = PBXSourcesBuildPhase;
			buildActionMask = 2147483647;
			files = (
				96BF1E1B29BFAC5C00FED886 /* BonchTech_StoreUITests.swift in Sources */,
				96BF1E1D29BFAC5C00FED886 /* BonchTech_StoreUITestsLaunchTests.swift in Sources */,
			);
			runOnlyForDeploymentPostprocessing = 0;
		};
/* End PBXSourcesBuildPhase section */

/* Begin PBXTargetDependency section */
		96BF1E0E29BFAC5C00FED886 /* PBXTargetDependency */ = {
			isa = PBXTargetDependency;
			target = 96BF1DF229BFAC5B00FED886 /* BonchTech Store */;
			targetProxy = 96BF1E0D29BFAC5C00FED886 /* PBXContainerItemProxy */;
		};
		96BF1E1829BFAC5C00FED886 /* PBXTargetDependency */ = {
			isa = PBXTargetDependency;
			target = 96BF1DF229BFAC5B00FED886 /* BonchTech Store */;
			targetProxy = 96BF1E1729BFAC5C00FED886 /* PBXContainerItemProxy */;
		};
/* End PBXTargetDependency section */

/* Begin PBXVariantGroup section */
		96BF1DFC29BFAC5B00FED886 /* Main.storyboard */ = {
			isa = PBXVariantGroup;
			children = (
				96BF1DFD29BFAC5B00FED886 /* Base */,
			);
			name = Main.storyboard;
			sourceTree = "<group>";
		};
		96BF1E0429BFAC5C00FED886 /* LaunchScreen.storyboard */ = {
			isa = PBXVariantGroup;
			children = (
				96BF1E0529BFAC5C00FED886 /* Base */,
			);
			name = LaunchScreen.storyboard;
			sourceTree = "<group>";
		};
/* End PBXVariantGroup section */

/* Begin XCBuildConfiguration section */
		96BF1E1E29BFAC5C00FED886 /* Debug */ = {
			isa = XCBuildConfiguration;
			buildSettings = {
				ALWAYS_SEARCH_USER_PATHS = NO;
				CLANG_ANALYZER_NONNULL = YES;
				CLANG_ANALYZER_NUMBER_OBJECT_CONVERSION = YES_AGGRESSIVE;
				CLANG_CXX_LANGUAGE_STANDARD = "gnu++20";
				CLANG_ENABLE_MODULES = YES;
				CLANG_ENABLE_OBJC_ARC = YES;
				CLANG_ENABLE_OBJC_WEAK = YES;
				CLANG_WARN_BLOCK_CAPTURE_AUTORELEASING = YES;
				CLANG_WARN_BOOL_CONVERSION = YES;
				CLANG_WARN_COMMA = YES;
				CLANG_WARN_CONSTANT_CONVERSION = YES;
				CLANG_WARN_DEPRECATED_OBJC_IMPLEMENTATIONS = YES;
				CLANG_WARN_DIRECT_OBJC_ISA_USAGE = YES_ERROR;
				CLANG_WARN_DOCUMENTATION_COMMENTS = YES;
				CLANG_WARN_EMPTY_BODY = YES;
				CLANG_WARN_ENUM_CONVERSION = YES;
				CLANG_WARN_INFINITE_RECURSION = YES;
				CLANG_WARN_INT_CONVERSION = YES;
				CLANG_WARN_NON_LITERAL_NULL_CONVERSION = YES;
				CLANG_WARN_OBJC_IMPLICIT_RETAIN_SELF = YES;
				CLANG_WARN_OBJC_LITERAL_CONVERSION = YES;
				CLANG_WARN_OBJC_ROOT_CLASS = YES_ERROR;
				CLANG_WARN_QUOTED_INCLUDE_IN_FRAMEWORK_HEADER = YES;
				CLANG_WARN_RANGE_LOOP_ANALYSIS = YES;
				CLANG_WARN_STRICT_PROTOTYPES = YES;
				CLANG_WARN_SUSPICIOUS_MOVE = YES;
				CLANG_WARN_UNGUARDED_AVAILABILITY = YES_AGGRESSIVE;
				CLANG_WARN_UNREACHABLE_CODE = YES;
				CLANG_WARN__DUPLICATE_METHOD_MATCH = YES;
				COPY_PHASE_STRIP = NO;
				DEBUG_INFORMATION_FORMAT = dwarf;
				ENABLE_STRICT_OBJC_MSGSEND = YES;
				ENABLE_TESTABILITY = YES;
				GCC_C_LANGUAGE_STANDARD = gnu11;
				GCC_DYNAMIC_NO_PIC = NO;
				GCC_NO_COMMON_BLOCKS = YES;
				GCC_OPTIMIZATION_LEVEL = 0;
				GCC_PREPROCESSOR_DEFINITIONS = (
					"DEBUG=1",
					"$(inherited)",
				);
				GCC_WARN_64_TO_32_BIT_CONVERSION = YES;
				GCC_WARN_ABOUT_RETURN_TYPE = YES_ERROR;
				GCC_WARN_UNDECLARED_SELECTOR = YES;
				GCC_WARN_UNINITIALIZED_AUTOS = YES_AGGRESSIVE;
				GCC_WARN_UNUSED_FUNCTION = YES;
				GCC_WARN_UNUSED_VARIABLE = YES;
				IPHONEOS_DEPLOYMENT_TARGET = 16.2;
				MTL_ENABLE_DEBUG_INFO = INCLUDE_SOURCE;
				MTL_FAST_MATH = YES;
				ONLY_ACTIVE_ARCH = YES;
				SDKROOT = iphoneos;
				SWIFT_ACTIVE_COMPILATION_CONDITIONS = DEBUG;
				SWIFT_OPTIMIZATION_LEVEL = "-Onone";
			};
			name = Debug;
		};
		96BF1E1F29BFAC5C00FED886 /* Release */ = {
			isa = XCBuildConfiguration;
			buildSettings = {
				ALWAYS_SEARCH_USER_PATHS = NO;
				CLANG_ANALYZER_NONNULL = YES;
				CLANG_ANALYZER_NUMBER_OBJECT_CONVERSION = YES_AGGRESSIVE;
				CLANG_CXX_LANGUAGE_STANDARD = "gnu++20";
				CLANG_ENABLE_MODULES = YES;
				CLANG_ENABLE_OBJC_ARC = YES;
				CLANG_ENABLE_OBJC_WEAK = YES;
				CLANG_WARN_BLOCK_CAPTURE_AUTORELEASING = YES;
				CLANG_WARN_BOOL_CONVERSION = YES;
				CLANG_WARN_COMMA = YES;
				CLANG_WARN_CONSTANT_CONVERSION = YES;
				CLANG_WARN_DEPRECATED_OBJC_IMPLEMENTATIONS = YES;
				CLANG_WARN_DIRECT_OBJC_ISA_USAGE = YES_ERROR;
				CLANG_WARN_DOCUMENTATION_COMMENTS = YES;
				CLANG_WARN_EMPTY_BODY = YES;
				CLANG_WARN_ENUM_CONVERSION = YES;
				CLANG_WARN_INFINITE_RECURSION = YES;
				CLANG_WARN_INT_CONVERSION = YES;
				CLANG_WARN_NON_LITERAL_NULL_CONVERSION = YES;
				CLANG_WARN_OBJC_IMPLICIT_RETAIN_SELF = YES;
				CLANG_WARN_OBJC_LITERAL_CONVERSION = YES;
				CLANG_WARN_OBJC_ROOT_CLASS = YES_ERROR;
				CLANG_WARN_QUOTED_INCLUDE_IN_FRAMEWORK_HEADER = YES;
				CLANG_WARN_RANGE_LOOP_ANALYSIS = YES;
				CLANG_WARN_STRICT_PROTOTYPES = YES;
				CLANG_WARN_SUSPICIOUS_MOVE = YES;
				CLANG_WARN_UNGUARDED_AVAILABILITY = YES_AGGRESSIVE;
				CLANG_WARN_UNREACHABLE_CODE = YES;
				CLANG_WARN__DUPLICATE_METHOD_MATCH = YES;
				COPY_PHASE_STRIP = NO;
				DEBUG_INFORMATION_FORMAT = "dwarf-with-dsym";
				ENABLE_NS_ASSERTIONS = NO;
				ENABLE_STRICT_OBJC_MSGSEND = YES;
				GCC_C_LANGUAGE_STANDARD = gnu11;
				GCC_NO_COMMON_BLOCKS = YES;
				GCC_WARN_64_TO_32_BIT_CONVERSION = YES;
				GCC_WARN_ABOUT_RETURN_TYPE = YES_ERROR;
				GCC_WARN_UNDECLARED_SELECTOR = YES;
				GCC_WARN_UNINITIALIZED_AUTOS = YES_AGGRESSIVE;
				GCC_WARN_UNUSED_FUNCTION = YES;
				GCC_WARN_UNUSED_VARIABLE = YES;
				IPHONEOS_DEPLOYMENT_TARGET = 16.2;
				MTL_ENABLE_DEBUG_INFO = NO;
				MTL_FAST_MATH = YES;
				SDKROOT = iphoneos;
				SWIFT_COMPILATION_MODE = wholemodule;
				SWIFT_OPTIMIZATION_LEVEL = "-O";
				VALIDATE_PRODUCT = YES;
			};
			name = Release;
		};
		96BF1E2129BFAC5C00FED886 /* Debug */ = {
			isa = XCBuildConfiguration;
			buildSettings = {
				ASSETCATALOG_COMPILER_APPICON_NAME = AppIcon;
				ASSETCATALOG_COMPILER_GLOBAL_ACCENT_COLOR_NAME = AccentColor;
				CODE_SIGN_STYLE = Automatic;
				CURRENT_PROJECT_VERSION = 1;
				DEVELOPMENT_TEAM = 434B2CC32L;
				GENERATE_INFOPLIST_FILE = YES;
				INFOPLIST_FILE = "BonchTech Store/Info.plist";
				INFOPLIST_KEY_UIApplicationSupportsIndirectInputEvents = YES;
				INFOPLIST_KEY_UILaunchStoryboardName = LaunchScreen;
				INFOPLIST_KEY_UIMainStoryboardFile = Main;
				INFOPLIST_KEY_UIStatusBarStyle = "";
				INFOPLIST_KEY_UISupportedInterfaceOrientations = UIInterfaceOrientationPortrait;
				INFOPLIST_KEY_UISupportedInterfaceOrientations_iPad = "UIInterfaceOrientationLandscapeLeft UIInterfaceOrientationLandscapeRight UIInterfaceOrientationPortrait UIInterfaceOrientationPortraitUpsideDown";
				IPHONEOS_DEPLOYMENT_TARGET = 15.0;
				LD_RUNPATH_SEARCH_PATHS = (
					"$(inherited)",
					"@executable_path/Frameworks",
				);
				MARKETING_VERSION = 1.0;
				PRODUCT_BUNDLE_IDENTIFIER = "nO4EMy9I.BonchTech-Store";
				PRODUCT_NAME = "$(TARGET_NAME)";
				SWIFT_EMIT_LOC_STRINGS = YES;
				SWIFT_VERSION = 5.0;
				TARGETED_DEVICE_FAMILY = 1;
			};
			name = Debug;
		};
		96BF1E2229BFAC5C00FED886 /* Release */ = {
			isa = XCBuildConfiguration;
			buildSettings = {
				ASSETCATALOG_COMPILER_APPICON_NAME = AppIcon;
				ASSETCATALOG_COMPILER_GLOBAL_ACCENT_COLOR_NAME = AccentColor;
				CODE_SIGN_STYLE = Automatic;
				CURRENT_PROJECT_VERSION = 1;
				DEVELOPMENT_TEAM = 434B2CC32L;
				GENERATE_INFOPLIST_FILE = YES;
				INFOPLIST_FILE = "BonchTech Store/Info.plist";
				INFOPLIST_KEY_UIApplicationSupportsIndirectInputEvents = YES;
				INFOPLIST_KEY_UILaunchStoryboardName = LaunchScreen;
				INFOPLIST_KEY_UIMainStoryboardFile = Main;
				INFOPLIST_KEY_UIStatusBarStyle = "";
				INFOPLIST_KEY_UISupportedInterfaceOrientations = UIInterfaceOrientationPortrait;
				INFOPLIST_KEY_UISupportedInterfaceOrientations_iPad = "UIInterfaceOrientationLandscapeLeft UIInterfaceOrientationLandscapeRight UIInterfaceOrientationPortrait UIInterfaceOrientationPortraitUpsideDown";
				IPHONEOS_DEPLOYMENT_TARGET = 15.0;
				LD_RUNPATH_SEARCH_PATHS = (
					"$(inherited)",
					"@executable_path/Frameworks",
				);
				MARKETING_VERSION = 1.0;
				PRODUCT_BUNDLE_IDENTIFIER = "nO4EMy9I.BonchTech-Store";
				PRODUCT_NAME = "$(TARGET_NAME)";
				SWIFT_EMIT_LOC_STRINGS = YES;
				SWIFT_VERSION = 5.0;
				TARGETED_DEVICE_FAMILY = 1;
			};
			name = Release;
		};
		96BF1E2429BFAC5C00FED886 /* Debug */ = {
			isa = XCBuildConfiguration;
			buildSettings = {
				ALWAYS_EMBED_SWIFT_STANDARD_LIBRARIES = YES;
				BUNDLE_LOADER = "$(TEST_HOST)";
				CODE_SIGN_STYLE = Automatic;
				CURRENT_PROJECT_VERSION = 1;
				DEVELOPMENT_TEAM = 434B2CC32L;
				GENERATE_INFOPLIST_FILE = YES;
				IPHONEOS_DEPLOYMENT_TARGET = 16.2;
				MARKETING_VERSION = 1.0;
				PRODUCT_BUNDLE_IDENTIFIER = "nO4EMy9I.BonchTech-StoreTests";
				PRODUCT_NAME = "$(TARGET_NAME)";
				SWIFT_EMIT_LOC_STRINGS = NO;
				SWIFT_VERSION = 5.0;
				TARGETED_DEVICE_FAMILY = "1,2";
				TEST_HOST = "$(BUILT_PRODUCTS_DIR)/BonchTech Store.app/$(BUNDLE_EXECUTABLE_FOLDER_PATH)/BonchTech Store";
			};
			name = Debug;
		};
		96BF1E2529BFAC5C00FED886 /* Release */ = {
			isa = XCBuildConfiguration;
			buildSettings = {
				ALWAYS_EMBED_SWIFT_STANDARD_LIBRARIES = YES;
				BUNDLE_LOADER = "$(TEST_HOST)";
				CODE_SIGN_STYLE = Automatic;
				CURRENT_PROJECT_VERSION = 1;
				DEVELOPMENT_TEAM = 434B2CC32L;
				GENERATE_INFOPLIST_FILE = YES;
				IPHONEOS_DEPLOYMENT_TARGET = 16.2;
				MARKETING_VERSION = 1.0;
				PRODUCT_BUNDLE_IDENTIFIER = "nO4EMy9I.BonchTech-StoreTests";
				PRODUCT_NAME = "$(TARGET_NAME)";
				SWIFT_EMIT_LOC_STRINGS = NO;
				SWIFT_VERSION = 5.0;
				TARGETED_DEVICE_FAMILY = "1,2";
				TEST_HOST = "$(BUILT_PRODUCTS_DIR)/BonchTech Store.app/$(BUNDLE_EXECUTABLE_FOLDER_PATH)/BonchTech Store";
			};
			name = Release;
		};
		96BF1E2729BFAC5C00FED886 /* Debug */ = {
			isa = XCBuildConfiguration;
			buildSettings = {
				ALWAYS_EMBED_SWIFT_STANDARD_LIBRARIES = YES;
				CODE_SIGN_STYLE = Automatic;
				CURRENT_PROJECT_VERSION = 1;
				DEVELOPMENT_TEAM = 434B2CC32L;
				GENERATE_INFOPLIST_FILE = YES;
				MARKETING_VERSION = 1.0;
				PRODUCT_BUNDLE_IDENTIFIER = "nO4EMy9I.BonchTech-StoreUITests";
				PRODUCT_NAME = "$(TARGET_NAME)";
				SWIFT_EMIT_LOC_STRINGS = NO;
				SWIFT_VERSION = 5.0;
				TARGETED_DEVICE_FAMILY = "1,2";
				TEST_TARGET_NAME = "BonchTech Store";
			};
			name = Debug;
		};
		96BF1E2829BFAC5C00FED886 /* Release */ = {
			isa = XCBuildConfiguration;
			buildSettings = {
				ALWAYS_EMBED_SWIFT_STANDARD_LIBRARIES = YES;
				CODE_SIGN_STYLE = Automatic;
				CURRENT_PROJECT_VERSION = 1;
				DEVELOPMENT_TEAM = 434B2CC32L;
				GENERATE_INFOPLIST_FILE = YES;
				MARKETING_VERSION = 1.0;
				PRODUCT_BUNDLE_IDENTIFIER = "nO4EMy9I.BonchTech-StoreUITests";
				PRODUCT_NAME = "$(TARGET_NAME)";
				SWIFT_EMIT_LOC_STRINGS = NO;
				SWIFT_VERSION = 5.0;
				TARGETED_DEVICE_FAMILY = "1,2";
				TEST_TARGET_NAME = "BonchTech Store";
			};
			name = Release;
		};
/* End XCBuildConfiguration section */

/* Begin XCConfigurationList section */
		96BF1DEE29BFAC5B00FED886 /* Build configuration list for PBXProject "BonchTech Store" */ = {
			isa = XCConfigurationList;
			buildConfigurations = (
				96BF1E1E29BFAC5C00FED886 /* Debug */,
				96BF1E1F29BFAC5C00FED886 /* Release */,
			);
			defaultConfigurationIsVisible = 0;
			defaultConfigurationName = Release;
		};
		96BF1E2029BFAC5C00FED886 /* Build configuration list for PBXNativeTarget "BonchTech Store" */ = {
			isa = XCConfigurationList;
			buildConfigurations = (
				96BF1E2129BFAC5C00FED886 /* Debug */,
				96BF1E2229BFAC5C00FED886 /* Release */,
			);
			defaultConfigurationIsVisible = 0;
			defaultConfigurationName = Release;
		};
		96BF1E2329BFAC5C00FED886 /* Build configuration list for PBXNativeTarget "BonchTech StoreTests" */ = {
			isa = XCConfigurationList;
			buildConfigurations = (
				96BF1E2429BFAC5C00FED886 /* Debug */,
				96BF1E2529BFAC5C00FED886 /* Release */,
			);
			defaultConfigurationIsVisible = 0;
			defaultConfigurationName = Release;
		};
		96BF1E2629BFAC5C00FED886 /* Build configuration list for PBXNativeTarget "BonchTech StoreUITests" */ = {
			isa = XCConfigurationList;
			buildConfigurations = (
				96BF1E2729BFAC5C00FED886 /* Debug */,
				96BF1E2829BFAC5C00FED886 /* Release */,
			);
			defaultConfigurationIsVisible = 0;
			defaultConfigurationName = Release;
		};
/* End XCConfigurationList section */

/* Begin XCRemoteSwiftPackageReference section */
		9615B28329C8757A00CAFEE6 /* XCRemoteSwiftPackageReference "firebase-ios-sdk" */ = {
			isa = XCRemoteSwiftPackageReference;
			repositoryURL = "https://github.com/firebase/firebase-ios-sdk";
			requirement = {
				kind = upToNextMajorVersion;
				minimumVersion = 9.0.0;
			};
		};
/* End XCRemoteSwiftPackageReference section */

/* Begin XCSwiftPackageProductDependency section */
		9615B28429C8757A00CAFEE6 /* FirebaseAnalytics */ = {
			isa = XCSwiftPackageProductDependency;
			package = 9615B28329C8757A00CAFEE6 /* XCRemoteSwiftPackageReference "firebase-ios-sdk" */;
			productName = FirebaseAnalytics;
		};
		9615B28629C8757A00CAFEE6 /* FirebaseDatabase */ = {
			isa = XCSwiftPackageProductDependency;
			package = 9615B28329C8757A00CAFEE6 /* XCRemoteSwiftPackageReference "firebase-ios-sdk" */;
			productName = FirebaseDatabase;
		};
		9615B28829C8757A00CAFEE6 /* FirebaseFirestore */ = {
			isa = XCSwiftPackageProductDependency;
			package = 9615B28329C8757A00CAFEE6 /* XCRemoteSwiftPackageReference "firebase-ios-sdk" */;
			productName = FirebaseFirestore;
		};
		9615B28A29C8757A00CAFEE6 /* FirebaseStorage */ = {
			isa = XCSwiftPackageProductDependency;
			package = 9615B28329C8757A00CAFEE6 /* XCRemoteSwiftPackageReference "firebase-ios-sdk" */;
			productName = FirebaseStorage;
		};
/* End XCSwiftPackageProductDependency section */

/* Begin XCVersionGroup section */
		9645929529FAACC20026DB86 /* BonchTech_Store.xcdatamodeld */ = {
			isa = XCVersionGroup;
			children = (
				9645929629FAACC20026DB86 /* BonchTech_Store.xcdatamodel */,
			);
			currentVersion = 9645929629FAACC20026DB86 /* BonchTech_Store.xcdatamodel */;
			path = BonchTech_Store.xcdatamodeld;
			sourceTree = "<group>";
			versionGroupType = wrapper.xcdatamodel;
		};
/* End XCVersionGroup section */
	};
	rootObject = 96BF1DEB29BFAC5B00FED886 /* Project object */;
}
